
Microsoft Visual Studio Solution File, Format Version 12.00
# Visual Studio Version 17
VisualStudioVersion = 17.9.34902.65
MinimumVisualStudioVersion = 10.0.40219.1
Project("{FAE04EC0-301F-11D3-BF4B-00C04F79EFBC}") = "ThpLession06", "ThpLession06\ThpLession06.csproj", "{B0B1ED39-E75B-4E18-AF70-903C79E73A26}"
EndProject
Global
	GlobalSection(SolutionConfigurationPlatforms) = preSolution
		Debug|Any CPU = Debug|Any CPU
		Release|Any CPU = Release|Any CPU
	EndGlobalSection
	GlobalSection(ProjectConfigurationPlatforms) = postSolution
		{B0B1ED39-E75B-4E18-AF70-903C79E73A26}.Debug|Any CPU.ActiveCfg = Debug|Any CPU
		{B0B1ED39-E75B-4E18-AF70-903C79E73A26}.Debug|Any CPU.Build.0 = Debug|Any CPU
		{B0B1ED39-E75B-4E18-AF70-903C79E73A26}.Release|Any CPU.ActiveCfg = Release|Any CPU
		{B0B1ED39-E75B-4E18-AF70-903C79E73A26}.Release|Any CPU.Build.0 = Release|Any CPU
	EndGlobalSection
	GlobalSection(SolutionProperties) = preSolution
		HideSolutionNode = FALSE
	EndGlobalSection
	GlobalSection(ExtensibilityGlobals) = postSolution
		SolutionGuid = {DB7CAD80-F8C4-4E66-A14A-7DFEE6F4DAB4}
	EndGlobalSection
EndGlobal
